
Microsoft Visual Studio Solution File, Format Version 12.00
# Visual Studio Version 17
VisualStudioVersion = 17.10.34928.147
MinimumVisualStudioVersion = 10.0.40219.1
Project("{FAE04EC0-301F-11D3-BF4B-00C04F79EFBC}") = "Album", "Album\Album.csproj", "{D5E97714-831F-4EFF-9481-E8361ADE2547}"
EndProject
Global
	GlobalSection(SolutionConfigurationPlatforms) = preSolution
		Debug|Any CPU = Debug|Any CPU
		Release|Any CPU = Release|Any CPU
	EndGlobalSection
	GlobalSection(ProjectConfigurationPlatforms) = postSolution
		{D5E97714-831F-4EFF-9481-E8361ADE2547}.Debug|Any CPU.ActiveCfg = Debug|Any CPU
		{D5E97714-831F-4EFF-9481-E8361ADE2547}.Debug|Any CPU.Build.0 = Debug|Any CPU
		{D5E97714-831F-4EFF-9481-E8361ADE2547}.Release|Any CPU.ActiveCfg = Release|Any CPU
		{D5E97714-831F-4EFF-9481-E8361ADE2547}.Release|Any CPU.Build.0 = Release|Any CPU
	EndGlobalSection
	GlobalSection(SolutionProperties) = preSolution
		HideSolutionNode = FALSE
	EndGlobalSection
	GlobalSection(ExtensibilityGlobals) = postSolution
		SolutionGuid = {AEBD214D-527F-4EE7-A79B-6D796FA649FA}
	EndGlobalSection
EndGlobal
